// !$*UTF8*$!
{
	archiveVersion = 1;
	classes = {
	};
	objectVersion = 55;
	objects = {

/* Begin PBXBuildFile section */
		7A77670E68FB762B710E5CBC /* Pods_GoLTests.framework in Frameworks */ = {isa = PBXBuildFile; fileRef = C624A72DEA6F1619B882A03B /* Pods_GoLTests.framework */; };
		8B4D9A3D274CE7C400EC08B6 /* Cell.swift in Sources */ = {isa = PBXBuildFile; fileRef = 8B4D9A3C274CE7C400EC08B6 /* Cell.swift */; };
		8B4D9A3F274CE82C00EC08B6 /* GridSize.swift in Sources */ = {isa = PBXBuildFile; fileRef = 8B4D9A3E274CE82C00EC08B6 /* GridSize.swift */; };
		8B4D9A42274CEC4B00EC08B6 /* GridSizeTests.swift in Sources */ = {isa = PBXBuildFile; fileRef = 8B4D9A41274CEC4B00EC08B6 /* GridSizeTests.swift */; };
		8B4D9A45274CED6700EC08B6 /* Constants.swift in Sources */ = {isa = PBXBuildFile; fileRef = 8B4D9A44274CED6700EC08B6 /* Constants.swift */; };
		8BA614C3274CDDA800B3A7C7 /* AppDelegate.swift in Sources */ = {isa = PBXBuildFile; fileRef = 8BA614C2274CDDA800B3A7C7 /* AppDelegate.swift */; };
		8BA614C5274CDDA800B3A7C7 /* SceneDelegate.swift in Sources */ = {isa = PBXBuildFile; fileRef = 8BA614C4274CDDA800B3A7C7 /* SceneDelegate.swift */; };
		8BA614C7274CDDA800B3A7C7 /* ViewController.swift in Sources */ = {isa = PBXBuildFile; fileRef = 8BA614C6274CDDA800B3A7C7 /* ViewController.swift */; };
		8BA614CA274CDDA800B3A7C7 /* Main.storyboard in Resources */ = {isa = PBXBuildFile; fileRef = 8BA614C8274CDDA800B3A7C7 /* Main.storyboard */; };
		8BA614CC274CDDAB00B3A7C7 /* Assets.xcassets in Resources */ = {isa = PBXBuildFile; fileRef = 8BA614CB274CDDAB00B3A7C7 /* Assets.xcassets */; };
		8BA614CF274CDDAB00B3A7C7 /* LaunchScreen.storyboard in Resources */ = {isa = PBXBuildFile; fileRef = 8BA614CD274CDDAB00B3A7C7 /* LaunchScreen.storyboard */; };
		8BA614DA274CDDAB00B3A7C7 /* CellTests.swift in Sources */ = {isa = PBXBuildFile; fileRef = 8BA614D9274CDDAB00B3A7C7 /* CellTests.swift */; };
		D22EE33B87E22329FCFB1C4D /* Pods_GoL.framework in Frameworks */ = {isa = PBXBuildFile; fileRef = 8210E5FCD552072C1F66EB2F /* Pods_GoL.framework */; };
/* End PBXBuildFile section */

/* Begin PBXContainerItemProxy section */
		8BA614D6274CDDAB00B3A7C7 /* PBXContainerItemProxy */ = {
			isa = PBXContainerItemProxy;
			containerPortal = 8BA614B7274CDDA800B3A7C7 /* Project object */;
			proxyType = 1;
			remoteGlobalIDString = 8BA614BE274CDDA800B3A7C7;
			remoteInfo = GoL;
		};
/* End PBXContainerItemProxy section */

/* Begin PBXFileReference section */
		1397570C235340A57BE69921 /* Pods-GoLTests.debug.xcconfig */ = {isa = PBXFileReference; includeInIndex = 1; lastKnownFileType = text.xcconfig; name = "Pods-GoLTests.debug.xcconfig"; path = "Target Support Files/Pods-GoLTests/Pods-GoLTests.debug.xcconfig"; sourceTree = "<group>"; };
		5ACC1DEC142F4E3FE1D28C0B /* Pods-GoLTests.release.xcconfig */ = {isa = PBXFileReference; includeInIndex = 1; lastKnownFileType = text.xcconfig; name = "Pods-GoLTests.release.xcconfig"; path = "Target Support Files/Pods-GoLTests/Pods-GoLTests.release.xcconfig"; sourceTree = "<group>"; };
		74C06CF5BCCC0A0938409815 /* Pods-GoL.debug.xcconfig */ = {isa = PBXFileReference; includeInIndex = 1; lastKnownFileType = text.xcconfig; name = "Pods-GoL.debug.xcconfig"; path = "Target Support Files/Pods-GoL/Pods-GoL.debug.xcconfig"; sourceTree = "<group>"; };
		8210E5FCD552072C1F66EB2F /* Pods_GoL.framework */ = {isa = PBXFileReference; explicitFileType = wrapper.framework; includeInIndex = 0; path = Pods_GoL.framework; sourceTree = BUILT_PRODUCTS_DIR; };
		8B4D9A3C274CE7C400EC08B6 /* Cell.swift */ = {isa = PBXFileReference; lastKnownFileType = sourcecode.swift; path = Cell.swift; sourceTree = "<group>"; };
		8B4D9A3E274CE82C00EC08B6 /* GridSize.swift */ = {isa = PBXFileReference; lastKnownFileType = sourcecode.swift; path = GridSize.swift; sourceTree = "<group>"; };
		8B4D9A41274CEC4B00EC08B6 /* GridSizeTests.swift */ = {isa = PBXFileReference; fileEncoding = 4; lastKnownFileType = sourcecode.swift; path = GridSizeTests.swift; sourceTree = "<group>"; };
		8B4D9A44274CED6700EC08B6 /* Constants.swift */ = {isa = PBXFileReference; lastKnownFileType = sourcecode.swift; path = Constants.swift; sourceTree = "<group>"; };
		8BA614BF274CDDA800B3A7C7 /* GoL.app */ = {isa = PBXFileReference; explicitFileType = wrapper.application; includeInIndex = 0; path = GoL.app; sourceTree = BUILT_PRODUCTS_DIR; };
		8BA614C2274CDDA800B3A7C7 /* AppDelegate.swift */ = {isa = PBXFileReference; lastKnownFileType = sourcecode.swift; path = AppDelegate.swift; sourceTree = "<group>"; };
		8BA614C4274CDDA800B3A7C7 /* SceneDelegate.swift */ = {isa = PBXFileReference; lastKnownFileType = sourcecode.swift; path = SceneDelegate.swift; sourceTree = "<group>"; };
		8BA614C6274CDDA800B3A7C7 /* ViewController.swift */ = {isa = PBXFileReference; lastKnownFileType = sourcecode.swift; path = ViewController.swift; sourceTree = "<group>"; };
		8BA614C9274CDDA800B3A7C7 /* Base */ = {isa = PBXFileReference; lastKnownFileType = file.storyboard; name = Base; path = Base.lproj/Main.storyboard; sourceTree = "<group>"; };
		8BA614CB274CDDAB00B3A7C7 /* Assets.xcassets */ = {isa = PBXFileReference; lastKnownFileType = folder.assetcatalog; path = Assets.xcassets; sourceTree = "<group>"; };
		8BA614CE274CDDAB00B3A7C7 /* Base */ = {isa = PBXFileReference; lastKnownFileType = file.storyboard; name = Base; path = Base.lproj/LaunchScreen.storyboard; sourceTree = "<group>"; };
		8BA614D0274CDDAB00B3A7C7 /* Info.plist */ = {isa = PBXFileReference; lastKnownFileType = text.plist.xml; path = Info.plist; sourceTree = "<group>"; };
		8BA614D5274CDDAB00B3A7C7 /* GoLTests.xctest */ = {isa = PBXFileReference; explicitFileType = wrapper.cfbundle; includeInIndex = 0; path = GoLTests.xctest; sourceTree = BUILT_PRODUCTS_DIR; };
		8BA614D9274CDDAB00B3A7C7 /* CellTests.swift */ = {isa = PBXFileReference; lastKnownFileType = sourcecode.swift; path = CellTests.swift; sourceTree = "<group>"; };
		C624A72DEA6F1619B882A03B /* Pods_GoLTests.framework */ = {isa = PBXFileReference; explicitFileType = wrapper.framework; includeInIndex = 0; path = Pods_GoLTests.framework; sourceTree = BUILT_PRODUCTS_DIR; };
		DFE129EDCAE0C6635A2B7FED /* Pods-GoL.release.xcconfig */ = {isa = PBXFileReference; includeInIndex = 1; lastKnownFileType = text.xcconfig; name = "Pods-GoL.release.xcconfig"; path = "Target Support Files/Pods-GoL/Pods-GoL.release.xcconfig"; sourceTree = "<group>"; };
/* End PBXFileReference section */

/* Begin PBXFrameworksBuildPhase section */
		8BA614BC274CDDA800B3A7C7 /* Frameworks */ = {
			isa = PBXFrameworksBuildPhase;
			buildActionMask = 2147483647;
			files = (
				D22EE33B87E22329FCFB1C4D /* Pods_GoL.framework in Frameworks */,
			);
			runOnlyForDeploymentPostprocessing = 0;
		};
		8BA614D2274CDDAB00B3A7C7 /* Frameworks */ = {
			isa = PBXFrameworksBuildPhase;
			buildActionMask = 2147483647;
			files = (
				7A77670E68FB762B710E5CBC /* Pods_GoLTests.framework in Frameworks */,
			);
			runOnlyForDeploymentPostprocessing = 0;
		};
/* End PBXFrameworksBuildPhase section */

/* Begin PBXGroup section */
		0290E8098FF8983178FE7C51 /* Pods */ = {
			isa = PBXGroup;
			children = (
				74C06CF5BCCC0A0938409815 /* Pods-GoL.debug.xcconfig */,
				DFE129EDCAE0C6635A2B7FED /* Pods-GoL.release.xcconfig */,
				1397570C235340A57BE69921 /* Pods-GoLTests.debug.xcconfig */,
				5ACC1DEC142F4E3FE1D28C0B /* Pods-GoLTests.release.xcconfig */,
			);
			path = Pods;
			sourceTree = "<group>";
		};
		80A05D5635594F171D6157F2 /* Frameworks */ = {
			isa = PBXGroup;
			children = (
				8210E5FCD552072C1F66EB2F /* Pods_GoL.framework */,
				C624A72DEA6F1619B882A03B /* Pods_GoLTests.framework */,
			);
			name = Frameworks;
			sourceTree = "<group>";
		};
		8B4D9A40274CE86200EC08B6 /* Models */ = {
			isa = PBXGroup;
			children = (
				8B4D9A3C274CE7C400EC08B6 /* Cell.swift */,
				8B4D9A3E274CE82C00EC08B6 /* GridSize.swift */,
			);
			path = Models;
			sourceTree = "<group>";
		};
		8B4D9A43274CED5800EC08B6 /* Utils */ = {
			isa = PBXGroup;
			children = (
				8B4D9A44274CED6700EC08B6 /* Constants.swift */,
			);
			path = Utils;
			sourceTree = "<group>";
		};
		8BA614B6274CDDA800B3A7C7 = {
			isa = PBXGroup;
			children = (
				8BA614C1274CDDA800B3A7C7 /* GoL */,
				8BA614D8274CDDAB00B3A7C7 /* GoLTests */,
				8BA614C0274CDDA800B3A7C7 /* Products */,
				0290E8098FF8983178FE7C51 /* Pods */,
				80A05D5635594F171D6157F2 /* Frameworks */,
			);
			sourceTree = "<group>";
		};
		8BA614C0274CDDA800B3A7C7 /* Products */ = {
			isa = PBXGroup;
			children = (
				8BA614BF274CDDA800B3A7C7 /* GoL.app */,
				8BA614D5274CDDAB00B3A7C7 /* GoLTests.xctest */,
			);
			name = Products;
			sourceTree = "<group>";
		};
		8BA614C1274CDDA800B3A7C7 /* GoL */ = {
			isa = PBXGroup;
			children = (
				8B4D9A43274CED5800EC08B6 /* Utils */,
				8BA614C2274CDDA800B3A7C7 /* AppDelegate.swift */,
				8BA614C4274CDDA800B3A7C7 /* SceneDelegate.swift */,
				8BA614C6274CDDA800B3A7C7 /* ViewController.swift */,
				8BA614C8274CDDA800B3A7C7 /* Main.storyboard */,
				8BA614CB274CDDAB00B3A7C7 /* Assets.xcassets */,
				8BA614CD274CDDAB00B3A7C7 /* LaunchScreen.storyboard */,
				8BA614D0274CDDAB00B3A7C7 /* Info.plist */,
				8B4D9A40274CE86200EC08B6 /* Models */,
			);
			path = GoL;
			sourceTree = "<group>";
		};
		8BA614D8274CDDAB00B3A7C7 /* GoLTests */ = {
			isa = PBXGroup;
			children = (
				8B4D9A41274CEC4B00EC08B6 /* GridSizeTests.swift */,
				8BA614D9274CDDAB00B3A7C7 /* CellTests.swift */,
			);
			path = GoLTests;
			sourceTree = "<group>";
		};
/* End PBXGroup section */

/* Begin PBXNativeTarget section */
		8BA614BE274CDDA800B3A7C7 /* GoL */ = {
			isa = PBXNativeTarget;
			buildConfigurationList = 8BA614E9274CDDAB00B3A7C7 /* Build configuration list for PBXNativeTarget "GoL" */;
			buildPhases = (
				CCBD97919C665858CD7102CA /* [CP] Check Pods Manifest.lock */,
				8BA614BB274CDDA800B3A7C7 /* Sources */,
				8BA614BC274CDDA800B3A7C7 /* Frameworks */,
				8BA614BD274CDDA800B3A7C7 /* Resources */,
			);
			buildRules = (
			);
			dependencies = (
			);
			name = GoL;
			productName = GoL;
			productReference = 8BA614BF274CDDA800B3A7C7 /* GoL.app */;
			productType = "com.apple.product-type.application";
		};
		8BA614D4274CDDAB00B3A7C7 /* GoLTests */ = {
			isa = PBXNativeTarget;
			buildConfigurationList = 8BA614EC274CDDAB00B3A7C7 /* Build configuration list for PBXNativeTarget "GoLTests" */;
			buildPhases = (
				E0A081B7F51A5858A7A05819 /* [CP] Check Pods Manifest.lock */,
				8BA614D1274CDDAB00B3A7C7 /* Sources */,
				8BA614D2274CDDAB00B3A7C7 /* Frameworks */,
				8BA614D3274CDDAB00B3A7C7 /* Resources */,
			);
			buildRules = (
			);
			dependencies = (
				8BA614D7274CDDAB00B3A7C7 /* PBXTargetDependency */,
			);
			name = GoLTests;
			productName = GoLTests;
			productReference = 8BA614D5274CDDAB00B3A7C7 /* GoLTests.xctest */;
			productType = "com.apple.product-type.bundle.unit-test";
		};
/* End PBXNativeTarget section */

/* Begin PBXProject section */
		8BA614B7274CDDA800B3A7C7 /* Project object */ = {
			isa = PBXProject;
			attributes = {
				BuildIndependentTargetsInParallel = 1;
				LastSwiftUpdateCheck = 1310;
				LastUpgradeCheck = 1310;
				TargetAttributes = {
					8BA614BE274CDDA800B3A7C7 = {
						CreatedOnToolsVersion = 13.1;
					};
					8BA614D4274CDDAB00B3A7C7 = {
						CreatedOnToolsVersion = 13.1;
						TestTargetID = 8BA614BE274CDDA800B3A7C7;
					};
				};
			};
			buildConfigurationList = 8BA614BA274CDDA800B3A7C7 /* Build configuration list for PBXProject "GoL" */;
			compatibilityVersion = "Xcode 13.0";
			developmentRegion = en;
			hasScannedForEncodings = 0;
			knownRegions = (
				en,
				Base,
			);
			mainGroup = 8BA614B6274CDDA800B3A7C7;
			productRefGroup = 8BA614C0274CDDA800B3A7C7 /* Products */;
			projectDirPath = "";
			projectRoot = "";
			targets = (
				8BA614BE274CDDA800B3A7C7 /* GoL */,
				8BA614D4274CDDAB00B3A7C7 /* GoLTests */,
			);
		};
/* End PBXProject section */

/* Begin PBXResourcesBuildPhase section */
		8BA614BD274CDDA800B3A7C7 /* Resources */ = {
			isa = PBXResourcesBuildPhase;
			buildActionMask = 2147483647;
			files = (
				8BA614CF274CDDAB00B3A7C7 /* LaunchScreen.storyboard in Resources */,
				8BA614CC274CDDAB00B3A7C7 /* Assets.xcassets in Resources */,
				8BA614CA274CDDA800B3A7C7 /* Main.storyboard in Resources */,
			);
			runOnlyForDeploymentPostprocessing = 0;
		};
		8BA614D3274CDDAB00B3A7C7 /* Resources */ = {
			isa = PBXResourcesBuildPhase;
			buildActionMask = 2147483647;
			files = (
			);
			runOnlyForDeploymentPostprocessing = 0;
		};
/* End PBXResourcesBuildPhase section */

/* Begin PBXShellScriptBuildPhase section */
		CCBD97919C665858CD7102CA /* [CP] Check Pods Manifest.lock */ = {
			isa = PBXShellScriptBuildPhase;
			buildActionMask = 2147483647;
			files = (
			);
			inputFileListPaths = (
			);
			inputPaths = (
				"${PODS_PODFILE_DIR_PATH}/Podfile.lock",
				"${PODS_ROOT}/Manifest.lock",
			);
			name = "[CP] Check Pods Manifest.lock";
			outputFileListPaths = (
			);
			outputPaths = (
				"$(DERIVED_FILE_DIR)/Pods-GoL-checkManifestLockResult.txt",
			);
			runOnlyForDeploymentPostprocessing = 0;
			shellPath = /bin/sh;
			shellScript = "diff \"${PODS_PODFILE_DIR_PATH}/Podfile.lock\" \"${PODS_ROOT}/Manifest.lock\" > /dev/null\nif [ $? != 0 ] ; then\n    # print error to STDERR\n    echo \"error: The sandbox is not in sync with the Podfile.lock. Run 'pod install' or update your CocoaPods installation.\" >&2\n    exit 1\nfi\n# This output is used by Xcode 'outputs' to avoid re-running this script phase.\necho \"SUCCESS\" > \"${SCRIPT_OUTPUT_FILE_0}\"\n";
			showEnvVarsInLog = 0;
		};
		E0A081B7F51A5858A7A05819 /* [CP] Check Pods Manifest.lock */ = {
			isa = PBXShellScriptBuildPhase;
			buildActionMask = 2147483647;
			files = (
			);
			inputFileListPaths = (
			);
			inputPaths = (
				"${PODS_PODFILE_DIR_PATH}/Podfile.lock",
				"${PODS_ROOT}/Manifest.lock",
			);
			name = "[CP] Check Pods Manifest.lock";
			outputFileListPaths = (
			);
			outputPaths = (
				"$(DERIVED_FILE_DIR)/Pods-GoLTests-checkManifestLockResult.txt",
			);
			runOnlyForDeploymentPostprocessing = 0;
			shellPath = /bin/sh;
			shellScript = "diff \"${PODS_PODFILE_DIR_PATH}/Podfile.lock\" \"${PODS_ROOT}/Manifest.lock\" > /dev/null\nif [ $? != 0 ] ; then\n    # print error to STDERR\n    echo \"error: The sandbox is not in sync with the Podfile.lock. Run 'pod install' or update your CocoaPods installation.\" >&2\n    exit 1\nfi\n# This output is used by Xcode 'outputs' to avoid re-running this script phase.\necho \"SUCCESS\" > \"${SCRIPT_OUTPUT_FILE_0}\"\n";
			showEnvVarsInLog = 0;
		};
/* End PBXShellScriptBuildPhase section */

/* Begin PBXSourcesBuildPhase section */
		8BA614BB274CDDA800B3A7C7 /* Sources */ = {
			isa = PBXSourcesBuildPhase;
			buildActionMask = 2147483647;
			files = (
				8B4D9A3F274CE82C00EC08B6 /* GridSize.swift in Sources */,
				8BA614C7274CDDA800B3A7C7 /* ViewController.swift in Sources */,
				8B4D9A3D274CE7C400EC08B6 /* Cell.swift in Sources */,
				8BA614C3274CDDA800B3A7C7 /* AppDelegate.swift in Sources */,
				8BA614C5274CDDA800B3A7C7 /* SceneDelegate.swift in Sources */,
				8B4D9A45274CED6700EC08B6 /* Constants.swift in Sources */,
			);
			runOnlyForDeploymentPostprocessing = 0;
		};
		8BA614D1274CDDAB00B3A7C7 /* Sources */ = {
			isa = PBXSourcesBuildPhase;
			buildActionMask = 2147483647;
			files = (
				8B4D9A42274CEC4B00EC08B6 /* GridSizeTests.swift in Sources */,
				8BA614DA274CDDAB00B3A7C7 /* CellTests.swift in Sources */,
			);
			runOnlyForDeploymentPostprocessing = 0;
		};
/* End PBXSourcesBuildPhase section */

/* Begin PBXTargetDependency section */
		8BA614D7274CDDAB00B3A7C7 /* PBXTargetDependency */ = {
			isa = PBXTargetDependency;
			target = 8BA614BE274CDDA800B3A7C7 /* GoL */;
			targetProxy = 8BA614D6274CDDAB00B3A7C7 /* PBXContainerItemProxy */;
		};
/* End PBXTargetDependency section */

/* Begin PBXVariantGroup section */
		8BA614C8274CDDA800B3A7C7 /* Main.storyboard */ = {
			isa = PBXVariantGroup;
			children = (
				8BA614C9274CDDA800B3A7C7 /* Base */,
			);
			name = Main.storyboard;
			sourceTree = "<group>";
		};
		8BA614CD274CDDAB00B3A7C7 /* LaunchScreen.storyboard */ = {
			isa = PBXVariantGroup;
			children = (
				8BA614CE274CDDAB00B3A7C7 /* Base */,
			);
			name = LaunchScreen.storyboard;
			sourceTree = "<group>";
		};
/* End PBXVariantGroup section */

/* Begin XCBuildConfiguration section */
		8BA614E7274CDDAB00B3A7C7 /* Debug */ = {
			isa = XCBuildConfiguration;
			buildSettings = {
				ALWAYS_SEARCH_USER_PATHS = NO;
				CLANG_ANALYZER_NONNULL = YES;
				CLANG_ANALYZER_NUMBER_OBJECT_CONVERSION = YES_AGGRESSIVE;
				CLANG_CXX_LANGUAGE_STANDARD = "gnu++17";
				CLANG_CXX_LIBRARY = "libc++";
				CLANG_ENABLE_MODULES = YES;
				CLANG_ENABLE_OBJC_ARC = YES;
				CLANG_ENABLE_OBJC_WEAK = YES;
				CLANG_WARN_BLOCK_CAPTURE_AUTORELEASING = YES;
				CLANG_WARN_BOOL_CONVERSION = YES;
				CLANG_WARN_COMMA = YES;
				CLANG_WARN_CONSTANT_CONVERSION = YES;
				CLANG_WARN_DEPRECATED_OBJC_IMPLEMENTATIONS = YES;
				CLANG_WARN_DIRECT_OBJC_ISA_USAGE = YES_ERROR;
				CLANG_WARN_DOCUMENTATION_COMMENTS = YES;
				CLANG_WARN_EMPTY_BODY = YES;
				CLANG_WARN_ENUM_CONVERSION = YES;
				CLANG_WARN_INFINITE_RECURSION = YES;
				CLANG_WARN_INT_CONVERSION = YES;
				CLANG_WARN_NON_LITERAL_NULL_CONVERSION = YES;
				CLANG_WARN_OBJC_IMPLICIT_RETAIN_SELF = YES;
				CLANG_WARN_OBJC_LITERAL_CONVERSION = YES;
				CLANG_WARN_OBJC_ROOT_CLASS = YES_ERROR;
				CLANG_WARN_QUOTED_INCLUDE_IN_FRAMEWORK_HEADER = YES;
				CLANG_WARN_RANGE_LOOP_ANALYSIS = YES;
				CLANG_WARN_STRICT_PROTOTYPES = YES;
				CLANG_WARN_SUSPICIOUS_MOVE = YES;
				CLANG_WARN_UNGUARDED_AVAILABILITY = YES_AGGRESSIVE;
				CLANG_WARN_UNREACHABLE_CODE = YES;
				CLANG_WARN__DUPLICATE_METHOD_MATCH = YES;
				COPY_PHASE_STRIP = NO;
				DEBUG_INFORMATION_FORMAT = dwarf;
				ENABLE_STRICT_OBJC_MSGSEND = YES;
				ENABLE_TESTABILITY = YES;
				GCC_C_LANGUAGE_STANDARD = gnu11;
				GCC_DYNAMIC_NO_PIC = NO;
				GCC_NO_COMMON_BLOCKS = YES;
				GCC_OPTIMIZATION_LEVEL = 0;
				GCC_PREPROCESSOR_DEFINITIONS = (
					"DEBUG=1",
					"$(inherited)",
				);
				GCC_WARN_64_TO_32_BIT_CONVERSION = YES;
				GCC_WARN_ABOUT_RETURN_TYPE = YES_ERROR;
				GCC_WARN_UNDECLARED_SELECTOR = YES;
				GCC_WARN_UNINITIALIZED_AUTOS = YES_AGGRESSIVE;
				GCC_WARN_UNUSED_FUNCTION = YES;
				GCC_WARN_UNUSED_VARIABLE = YES;
				IPHONEOS_DEPLOYMENT_TARGET = 13.0;
				MTL_ENABLE_DEBUG_INFO = INCLUDE_SOURCE;
				MTL_FAST_MATH = YES;
				ONLY_ACTIVE_ARCH = YES;
				SDKROOT = iphoneos;
				SWIFT_ACTIVE_COMPILATION_CONDITIONS = DEBUG;
				SWIFT_OPTIMIZATION_LEVEL = "-Onone";
			};
			name = Debug;
		};
		8BA614E8274CDDAB00B3A7C7 /* Release */ = {
			isa = XCBuildConfiguration;
			buildSettings = {
				ALWAYS_SEARCH_USER_PATHS = NO;
				CLANG_ANALYZER_NONNULL = YES;
				CLANG_ANALYZER_NUMBER_OBJECT_CONVERSION = YES_AGGRESSIVE;
				CLANG_CXX_LANGUAGE_STANDARD = "gnu++17";
				CLANG_CXX_LIBRARY = "libc++";
				CLANG_ENABLE_MODULES = YES;
				CLANG_ENABLE_OBJC_ARC = YES;
				CLANG_ENABLE_OBJC_WEAK = YES;
				CLANG_WARN_BLOCK_CAPTURE_AUTORELEASING = YES;
				CLANG_WARN_BOOL_CONVERSION = YES;
				CLANG_WARN_COMMA = YES;
				CLANG_WARN_CONSTANT_CONVERSION = YES;
				CLANG_WARN_DEPRECATED_OBJC_IMPLEMENTATIONS = YES;
				CLANG_WARN_DIRECT_OBJC_ISA_USAGE = YES_ERROR;
				CLANG_WARN_DOCUMENTATION_COMMENTS = YES;
				CLANG_WARN_EMPTY_BODY = YES;
				CLANG_WARN_ENUM_CONVERSION = YES;
				CLANG_WARN_INFINITE_RECURSION = YES;
				CLANG_WARN_INT_CONVERSION = YES;
				CLANG_WARN_NON_LITERAL_NULL_CONVERSION = YES;
				CLANG_WARN_OBJC_IMPLICIT_RETAIN_SELF = YES;
				CLANG_WARN_OBJC_LITERAL_CONVERSION = YES;
				CLANG_WARN_OBJC_ROOT_CLASS = YES_ERROR;
				CLANG_WARN_QUOTED_INCLUDE_IN_FRAMEWORK_HEADER = YES;
				CLANG_WARN_RANGE_LOOP_ANALYSIS = YES;
				CLANG_WARN_STRICT_PROTOTYPES = YES;
				CLANG_WARN_SUSPICIOUS_MOVE = YES;
				CLANG_WARN_UNGUARDED_AVAILABILITY = YES_AGGRESSIVE;
				CLANG_WARN_UNREACHABLE_CODE = YES;
				CLANG_WARN__DUPLICATE_METHOD_MATCH = YES;
				COPY_PHASE_STRIP = NO;
				DEBUG_INFORMATION_FORMAT = "dwarf-with-dsym";
				ENABLE_NS_ASSERTIONS = NO;
				ENABLE_STRICT_OBJC_MSGSEND = YES;
				GCC_C_LANGUAGE_STANDARD = gnu11;
				GCC_NO_COMMON_BLOCKS = YES;
				GCC_WARN_64_TO_32_BIT_CONVERSION = YES;
				GCC_WARN_ABOUT_RETURN_TYPE = YES_ERROR;
				GCC_WARN_UNDECLARED_SELECTOR = YES;
				GCC_WARN_UNINITIALIZED_AUTOS = YES_AGGRESSIVE;
				GCC_WARN_UNUSED_FUNCTION = YES;
				GCC_WARN_UNUSED_VARIABLE = YES;
				IPHONEOS_DEPLOYMENT_TARGET = 13.0;
				MTL_ENABLE_DEBUG_INFO = NO;
				MTL_FAST_MATH = YES;
				SDKROOT = iphoneos;
				SWIFT_COMPILATION_MODE = wholemodule;
				SWIFT_OPTIMIZATION_LEVEL = "-O";
				VALIDATE_PRODUCT = YES;
			};
			name = Release;
		};
		8BA614EA274CDDAB00B3A7C7 /* Debug */ = {
			isa = XCBuildConfiguration;
			baseConfigurationReference = 74C06CF5BCCC0A0938409815 /* Pods-GoL.debug.xcconfig */;
			buildSettings = {
				ASSETCATALOG_COMPILER_APPICON_NAME = AppIcon;
				ASSETCATALOG_COMPILER_GLOBAL_ACCENT_COLOR_NAME = AccentColor;
				CODE_SIGN_STYLE = Automatic;
				CURRENT_PROJECT_VERSION = 1;
				GENERATE_INFOPLIST_FILE = YES;
				INFOPLIST_FILE = GoL/Info.plist;
				INFOPLIST_KEY_UIApplicationSupportsIndirectInputEvents = YES;
				INFOPLIST_KEY_UILaunchStoryboardName = LaunchScreen;
				INFOPLIST_KEY_UIMainStoryboardFile = Main;
				INFOPLIST_KEY_UISupportedInterfaceOrientations = UIInterfaceOrientationPortrait;
				INFOPLIST_KEY_UISupportedInterfaceOrientations_iPad = "UIInterfaceOrientationPortrait UIInterfaceOrientationPortraitUpsideDown UIInterfaceOrientationLandscapeLeft UIInterfaceOrientationLandscapeRight";
				INFOPLIST_KEY_UISupportedInterfaceOrientations_iPhone = "UIInterfaceOrientationPortrait UIInterfaceOrientationLandscapeLeft UIInterfaceOrientationLandscapeRight";
				LD_RUNPATH_SEARCH_PATHS = (
					"$(inherited)",
					"@executable_path/Frameworks",
				);
				MARKETING_VERSION = 1.0;
				PRODUCT_BUNDLE_IDENTIFIER = bedhev.be.GoL;
				PRODUCT_NAME = "$(TARGET_NAME)";
				SWIFT_EMIT_LOC_STRINGS = YES;
				SWIFT_VERSION = 5.0;
				TARGETED_DEVICE_FAMILY = 1;
			};
			name = Debug;
		};
		8BA614EB274CDDAB00B3A7C7 /* Release */ = {
			isa = XCBuildConfiguration;
			baseConfigurationReference = DFE129EDCAE0C6635A2B7FED /* Pods-GoL.release.xcconfig */;
			buildSettings = {
				ASSETCATALOG_COMPILER_APPICON_NAME = AppIcon;
				ASSETCATALOG_COMPILER_GLOBAL_ACCENT_COLOR_NAME = AccentColor;
				CODE_SIGN_STYLE = Automatic;
				CURRENT_PROJECT_VERSION = 1;
				GENERATE_INFOPLIST_FILE = YES;
				INFOPLIST_FILE = GoL/Info.plist;
				INFOPLIST_KEY_UIApplicationSupportsIndirectInputEvents = YES;
				INFOPLIST_KEY_UILaunchStoryboardName = LaunchScreen;
				INFOPLIST_KEY_UIMainStoryboardFile = Main;
				INFOPLIST_KEY_UISupportedInterfaceOrientations = UIInterfaceOrientationPortrait;
				INFOPLIST_KEY_UISupportedInterfaceOrientations_iPad = "UIInterfaceOrientationPortrait UIInterfaceOrientationPortraitUpsideDown UIInterfaceOrientationLandscapeLeft UIInterfaceOrientationLandscapeRight";
				INFOPLIST_KEY_UISupportedInterfaceOrientations_iPhone = "UIInterfaceOrientationPortrait UIInterfaceOrientationLandscapeLeft UIInterfaceOrientationLandscapeRight";
				LD_RUNPATH_SEARCH_PATHS = (
					"$(inherited)",
					"@executable_path/Frameworks",
				);
				MARKETING_VERSION = 1.0;
				PRODUCT_BUNDLE_IDENTIFIER = bedhev.be.GoL;
				PRODUCT_NAME = "$(TARGET_NAME)";
				SWIFT_EMIT_LOC_STRINGS = YES;
				SWIFT_VERSION = 5.0;
				TARGETED_DEVICE_FAMILY = 1;
			};
			name = Release;
		};
		8BA614ED274CDDAB00B3A7C7 /* Debug */ = {
			isa = XCBuildConfiguration;
			baseConfigurationReference = 1397570C235340A57BE69921 /* Pods-GoLTests.debug.xcconfig */;
			buildSettings = {
				ALWAYS_EMBED_SWIFT_STANDARD_LIBRARIES = YES;
				BUNDLE_LOADER = "$(TEST_HOST)";
				CODE_SIGN_STYLE = Automatic;
				CURRENT_PROJECT_VERSION = 1;
				GENERATE_INFOPLIST_FILE = YES;
				IPHONEOS_DEPLOYMENT_TARGET = 15.0;
				LD_RUNPATH_SEARCH_PATHS = (
					"$(inherited)",
					"@executable_path/Frameworks",
					"@loader_path/Frameworks",
				);
				MARKETING_VERSION = 1.0;
				PRODUCT_BUNDLE_IDENTIFIER = bedhev.be.GoLTests;
				PRODUCT_NAME = "$(TARGET_NAME)";
				SWIFT_EMIT_LOC_STRINGS = NO;
				SWIFT_VERSION = 5.0;
				TARGETED_DEVICE_FAMILY = "1,2";
				TEST_HOST = "$(BUILT_PRODUCTS_DIR)/GoL.app/GoL";
			};
			name = Debug;
		};
		8BA614EE274CDDAB00B3A7C7 /* Release */ = {
			isa = XCBuildConfiguration;
			baseConfigurationReference = 5ACC1DEC142F4E3FE1D28C0B /* Pods-GoLTests.release.xcconfig */;
			buildSettings = {
				ALWAYS_EMBED_SWIFT_STANDARD_LIBRARIES = YES;
				BUNDLE_LOADER = "$(TEST_HOST)";
				CODE_SIGN_STYLE = Automatic;
				CURRENT_PROJECT_VERSION = 1;
				GENERATE_INFOPLIST_FILE = YES;
				IPHONEOS_DEPLOYMENT_TARGET = 15.0;
				LD_RUNPATH_SEARCH_PATHS = (
					"$(inherited)",
					"@executable_path/Frameworks",
					"@loader_path/Frameworks",
				);
				MARKETING_VERSION = 1.0;
				PRODUCT_BUNDLE_IDENTIFIER = bedhev.be.GoLTests;
				PRODUCT_NAME = "$(TARGET_NAME)";
				SWIFT_EMIT_LOC_STRINGS = NO;
				SWIFT_VERSION = 5.0;
				TARGETED_DEVICE_FAMILY = "1,2";
				TEST_HOST = "$(BUILT_PRODUCTS_DIR)/GoL.app/GoL";
			};
			name = Release;
		};
/* End XCBuildConfiguration section */

/* Begin XCConfigurationList section */
		8BA614BA274CDDA800B3A7C7 /* Build configuration list for PBXProject "GoL" */ = {
			isa = XCConfigurationList;
			buildConfigurations = (
				8BA614E7274CDDAB00B3A7C7 /* Debug */,
				8BA614E8274CDDAB00B3A7C7 /* Release */,
			);
			defaultConfigurationIsVisible = 0;
			defaultConfigurationName = Release;
		};
		8BA614E9274CDDAB00B3A7C7 /* Build configuration list for PBXNativeTarget "GoL" */ = {
			isa = XCConfigurationList;
			buildConfigurations = (
				8BA614EA274CDDAB00B3A7C7 /* Debug */,
				8BA614EB274CDDAB00B3A7C7 /* Release */,
			);
			defaultConfigurationIsVisible = 0;
			defaultConfigurationName = Release;
		};
		8BA614EC274CDDAB00B3A7C7 /* Build configuration list for PBXNativeTarget "GoLTests" */ = {
			isa = XCConfigurationList;
			buildConfigurations = (
				8BA614ED274CDDAB00B3A7C7 /* Debug */,
				8BA614EE274CDDAB00B3A7C7 /* Release */,
			);
			defaultConfigurationIsVisible = 0;
			defaultConfigurationName = Release;
		};
/* End XCConfigurationList section */
	};
	rootObject = 8BA614B7274CDDA800B3A7C7 /* Project object */;
}
